
Microsoft Visual Studio Solution File, Format Version 12.00
# Visual Studio Version 17
VisualStudioVersion = 17.14.36908.2 d17.14
MinimumVisualStudioVersion = 10.0.40219.1
Project("{FAE04EC0-301F-11D3-BF4B-00C04F79EFBC}") = "ComicBookGallery", "ComicBookGallery.csproj", "{6EAEAFB4-3849-4CB0-8F4E-CF2655830E89}"
EndProject
Global
	GlobalSection(SolutionConfigurationPlatforms) = preSolution
		Debug|Any CPU = Debug|Any CPU
		Release|Any CPU = Release|Any CPU
	EndGlobalSection
	GlobalSection(ProjectConfigurationPlatforms) = postSolution
		{6EAEAFB4-3849-4CB0-8F4E-CF2655830E89}.Debug|Any CPU.ActiveCfg = Debug|Any CPU
		{6EAEAFB4-3849-4CB0-8F4E-CF2655830E89}.Debug|Any CPU.Build.0 = Debug|Any CPU
		{6EAEAFB4-3849-4CB0-8F4E-CF2655830E89}.Release|Any CPU.ActiveCfg = Release|Any CPU
		{6EAEAFB4-3849-4CB0-8F4E-CF2655830E89}.Release|Any CPU.Build.0 = Release|Any CPU
	EndGlobalSection
	GlobalSection(SolutionProperties) = preSolution
		HideSolutionNode = FALSE
	EndGlobalSection
	GlobalSection(ExtensibilityGlobals) = postSolution
		SolutionGuid = {653AF587-55CA-4746-AFEB-ED81AFE66451}
	EndGlobalSection
EndGlobal
